
Microsoft Visual Studio Solution File, Format Version 12.00
# Visual Studio Express 2013 for Windows
VisualStudioVersion = 12.0.30501.0
MinimumVisualStudioVersion = 10.0.40219.1
Project("{262852C6-CD72-467D-83FE-5EEB1973A190}") = "{{name}}", "{{name}}\{{name}}.jsproj", "{{bracketed-uuid}}"
EndProject
Global
	GlobalSection(SolutionConfigurationPlatforms) = preSolution
		Debug|Any CPU = Debug|Any CPU
		Debug|ARM = Debug|ARM
		Debug|x64 = Debug|x64
		Debug|x86 = Debug|x86
		Release|Any CPU = Release|Any CPU
		Release|ARM = Release|ARM
		Release|x64 = Release|x64
		Release|x86 = Release|x86
	EndGlobalSection
	GlobalSection(ProjectConfigurationPlatforms) = postSolution
		{{bracketed-uuid}}.Debug|Any CPU.ActiveCfg = Debug|Any CPU
		{{bracketed-uuid}}.Debug|Any CPU.Build.0 = Debug|Any CPU
		{{bracketed-uuid}}.Debug|Any CPU.Deploy.0 = Debug|Any CPU
		{{bracketed-uuid}}.Debug|ARM.ActiveCfg = Debug|ARM
		{{bracketed-uuid}}.Debug|ARM.Build.0 = Debug|ARM
		{{bracketed-uuid}}.Debug|ARM.Deploy.0 = Debug|ARM
		{{bracketed-uuid}}.Debug|x64.ActiveCfg = Debug|x64
		{{bracketed-uuid}}.Debug|x64.Build.0 = Debug|x64
		{{bracketed-uuid}}.Debug|x64.Deploy.0 = Debug|x64
		{{bracketed-uuid}}.Debug|x86.ActiveCfg = Debug|x86
		{{bracketed-uuid}}.Debug|x86.Build.0 = Debug|x86
		{{bracketed-uuid}}.Debug|x86.Deploy.0 = Debug|x86
		{{bracketed-uuid}}.Release|Any CPU.ActiveCfg = Release|Any CPU
		{{bracketed-uuid}}.Release|Any CPU.Build.0 = Release|Any CPU
		{{bracketed-uuid}}.Release|Any CPU.Deploy.0 = Release|Any CPU
		{{bracketed-uuid}}.Release|ARM.ActiveCfg = Release|ARM
		{{bracketed-uuid}}.Release|ARM.Build.0 = Release|ARM
		{{bracketed-uuid}}.Release|ARM.Deploy.0 = Release|ARM
		{{bracketed-uuid}}.Release|x64.ActiveCfg = Release|x64
		{{bracketed-uuid}}.Release|x64.Build.0 = Release|x64
		{{bracketed-uuid}}.Release|x64.Deploy.0 = Release|x64
		{{bracketed-uuid}}.Release|x86.ActiveCfg = Release|x86
		{{bracketed-uuid}}.Release|x86.Build.0 = Release|x86
		{{bracketed-uuid}}.Release|x86.Deploy.0 = Release|x86
	EndGlobalSection
	GlobalSection(SolutionProperties) = preSolution
		HideSolutionNode = FALSE
	EndGlobalSection
EndGlobal
